
Microsoft Visual Studio Solution File, Format Version 12.00
# Visual Studio Version 16
VisualStudioVersion = 16.0.32126.315
MinimumVisualStudioVersion = 10.0.40219.1
Project("{FAE04EC0-301F-11D3-BF4B-00C04F79EFBC}") = "EEW-Sample_for_EEW-Midpoint", "EEW-Sample_for_EEW-Midpoint\EEW-Sample_for_EEW-Midpoint.csproj", "{D4CB39C4-D176-45DB-A279-E4CD7E2EE029}"
EndProject
Global
	GlobalSection(SolutionConfigurationPlatforms) = preSolution
		Debug|Any CPU = Debug|Any CPU
		Release|Any CPU = Release|Any CPU
	EndGlobalSection
	GlobalSection(ProjectConfigurationPlatforms) = postSolution
		{D4CB39C4-D176-45DB-A279-E4CD7E2EE029}.Debug|Any CPU.ActiveCfg = Debug|Any CPU
		{D4CB39C4-D176-45DB-A279-E4CD7E2EE029}.Debug|Any CPU.Build.0 = Debug|Any CPU
		{D4CB39C4-D176-45DB-A279-E4CD7E2EE029}.Release|Any CPU.ActiveCfg = Release|Any CPU
		{D4CB39C4-D176-45DB-A279-E4CD7E2EE029}.Release|Any CPU.Build.0 = Release|Any CPU
	EndGlobalSection
	GlobalSection(SolutionProperties) = preSolution
		HideSolutionNode = FALSE
	EndGlobalSection
	GlobalSection(ExtensibilityGlobals) = postSolution
		SolutionGuid = {D154BE28-A66E-441B-8CAA-403C40CDC13B}
	EndGlobalSection
EndGlobal
